{
    "_meta": {
        "hash": {
            "sha256": "118677d1c54c96cfeb10117878e489e5e3d17ed7a0bcde1e2cef169d3fffd12a"
        },
        "pipfile-spec": 6,
        "requires": {
            "python_version": "3.11"
        },
        "sources": [
            {
                "name": "pypi",
                "url": "https://pypi.org/simple",
                "verify_ssl": true
            }
        ]
    },
    "default": {
        "tree-sitter": {
            "hashes": [
                "sha256:00e4d0c99dff595398ef5e88a1b1ddd53adb13233fb677c1fd8e497fb2361629",
                "sha256:013c750252dc3bd0e069d82e9658de35ed50eecf31c6586d0de7f942546824c5",
                "sha256:0b7256c723642de1c05fbb776b27742204a2382e337af22f4d9e279d77df7aa2",
                "sha256:1d9be27dde007b569fa78ff9af5fe40d2532c998add9997a9729e348bb78fa59",
                "sha256:2aa2a5099a9f667730ff26d57533cc893d766667f4d8a9877e76a9e74f48f0d3",
                "sha256:2c4d3d4d4b44857e87de55302af7f2d051c912c466ef20e8f18158e64df3542a",
                "sha256:351f302b6615230c9dac9829f0ba20a94362cd658206ca9a7b2d58d73373dfb0",
                "sha256:4986a8cb4acebd168474ec2e5db440e59c7888819b3449a43ce8b17ed0331b07",
                "sha256:4f874c3f7d2a2faf5c91982dc7d88ff2a8f183a21fe475c29bee3009773b0558",
                "sha256:50c91353a26946e4dd6779837ecaf8aa123aafa2d3209f261ab5280daf0962f5",
                "sha256:54b22c3c2aab3e3639a4b255d9df8455da2921d050c4829b6a5663b057f10db5",
                "sha256:5df40aa29cb7e323898194246df7a03b9676955a0ac1f6bce06bc4903a70b5f7",
                "sha256:60b4df3298ff467bc01e2c0f6c2fb43aca088038202304bf8e41edd9fa348f45",
                "sha256:669b3e5a52cb1e37d60c7b16cc2221c76520445bb4f12dd17fd7220217f5abf3",
                "sha256:6a3e06ae2a517cf6f1abb682974f76fa760298e6d5a3ecf2cf140c70f898adf0",
                "sha256:6e217fee2e7be7dbce4496caa3d1c466977d7e81277b677f954d3c90e3272ec2",
                "sha256:766e79ae1e61271e7fdfecf35b6401ad9b47fc07a0965ad78e7f97fddfdf47a6",
                "sha256:839759de30230ffd60687edbb119b31521d5ac016749358e5285816798bb804a",
                "sha256:84eedb06615461b9e2847be7c47b9c5f2195d7d66d31b33c0a227eff4e0a0199",
                "sha256:9d33ea425df8c3d6436926fe2991429d59c335431bf4e3c71e77c17eb508be5a",
                "sha256:ab6e88c1e2d5e84ff0f9e5cd83f21b8e5074ad292a2cf19df3ba31d94fbcecd4",
                "sha256:af992dfe08b4fefcfcdb40548d0d26d5d2e0a0f2d833487372f3728cd0772b48",
                "sha256:b17b8648b296ccc21a88d72ca054b809ee82d4b14483e419474e7216240ea278",
                "sha256:b5de3028921522365aa864d95b3c41926e0ba6a85ee5bd000e10dc49b0766988",
                "sha256:bb41be86a987391f9970571aebe005ccd10222f39c25efd15826583c761a37e5",
                "sha256:c4ac87735e6f98fe085244c7c020f0177d13d4c117db72ba041faa980d25d69d",
                "sha256:c7cbab1dd9765138505c4a55e2aa857575bac4f1f8a8b0457744a4fefa1288e6",
                "sha256:e1e66aeb457d1529370fcb0997ae5584c6879e0e662f1b11b2f295ea57e22f54",
                "sha256:ee61ee3b7a4eedf9d8f1635c68ba4a6fa8c46929601fc48a907c6cfef0cfbcb2",
                "sha256:f2f057fd01d3a95cbce6794c6e9f6db3d376cb3bb14e5b0528d77f0ec21d6478",
                "sha256:f32a88afff4f2bc0f20632b0a2aa35fa9ae7d518f083409eca253518e0950929",
                "sha256:f3652ac9e47cdddf213c5d5d6854194469097e62f7181c0a9aa8435449a163a9",
                "sha256:fabc7182f6083269ce3cfcad202fe01516aa80df64573b390af6cd853e8444a1",
                "sha256:fae1ee0ff6d85e2fd5cd8ceb9fe4af4012220ee1e4cbe813305a316caf7a6f63",
                "sha256:fbbd137f7d9a5309fb4cb82e2c3250ba101b0dd08a8abdce815661e6cf2cbc19",
                "sha256:fc3fd34ed4cd5db445bc448361b5da46a2a781c648328dc5879d768f16a46771"
            ],
            "index": "pypi",
            "version": "==0.21.3"
        },
        "tree-sitter-typescript": {
            "hashes": [
                "sha256:256d6a3505680c106639c654e4830a844a47a53e002958124d2a22a8d8fabe1e",
                "sha256:27170954e5d6f59aeb9c3856b8ad149489f741ce83923bfe8f5eb22cb63888b7",
                "sha256:30730311251163f30527509f3c52446f197c8170e7bffae4c3a14de84b5df938",
                "sha256:529baac41cda9a086adbffc00ecaa34fd80968ba25a9a9b34d3f74135571d3a9",
                "sha256:78bcf50a786ff7ff0ac034b16f34c77b526aeed5d34c42038f0a8ee4dcf6b42e",
                "sha256:7a46ebbd94532cd8c86f347f82f62e760eb155a7472ced3626a762c39027f272",
                "sha256:c43b7496254d086d756d57c148505e9f7f6c12ff8f8307a18554438d251fa934",
                "sha256:d148399bb41b894e025a8e05ef858471f3ffc41ff26d200e76452997d273075b"
            ],
            "index": "pypi",
            "version": "==0.21.1"
        }
    },
    "develop": {}
}
